
Microsoft Visual Studio Solution File, Format Version 12.00
# Visual Studio Version 16
VisualStudioVersion = 16.0.30204.135
MinimumVisualStudioVersion = 10.0.40219.1
Project("{FAE04EC0-301F-11D3-BF4B-00C04F79EFBC}") = "PrototypeG2", "PrototypeG2\PrototypeG2.csproj", "{BC540C99-F800-4F66-A905-B5B03103CCB0}"
EndProject
Global
	GlobalSection(SolutionConfigurationPlatforms) = preSolution
		Debug|Any CPU = Debug|Any CPU
		Release|Any CPU = Release|Any CPU
	EndGlobalSection
	GlobalSection(ProjectConfigurationPlatforms) = postSolution
		{BC540C99-F800-4F66-A905-B5B03103CCB0}.Debug|Any CPU.ActiveCfg = Debug|Any CPU
		{BC540C99-F800-4F66-A905-B5B03103CCB0}.Debug|Any CPU.Build.0 = Debug|Any CPU
		{BC540C99-F800-4F66-A905-B5B03103CCB0}.Release|Any CPU.ActiveCfg = Release|Any CPU
		{BC540C99-F800-4F66-A905-B5B03103CCB0}.Release|Any CPU.Build.0 = Release|Any CPU
	EndGlobalSection
	GlobalSection(SolutionProperties) = preSolution
		HideSolutionNode = FALSE
	EndGlobalSection
	GlobalSection(ExtensibilityGlobals) = postSolution
		SolutionGuid = {600619C0-2148-42FB-9D6D-050D7A0F7572}
	EndGlobalSection
EndGlobal
