
Microsoft Visual Studio Solution File, Format Version 12.00
# Visual Studio Version 16
VisualStudioVersion = 16.0.30204.135
MinimumVisualStudioVersion = 10.0.40219.1
Project("{FAE04EC0-301F-11D3-BF4B-00C04F79EFBC}") = "ObserverBroker", "ObserverBroker\ObserverBroker.csproj", "{D6DFB28D-3230-45D8-A98B-6F8710FF99AB}"
EndProject
Global
	GlobalSection(SolutionConfigurationPlatforms) = preSolution
		Debug|Any CPU = Debug|Any CPU
		Release|Any CPU = Release|Any CPU
	EndGlobalSection
	GlobalSection(ProjectConfigurationPlatforms) = postSolution
		{D6DFB28D-3230-45D8-A98B-6F8710FF99AB}.Debug|Any CPU.ActiveCfg = Debug|Any CPU
		{D6DFB28D-3230-45D8-A98B-6F8710FF99AB}.Debug|Any CPU.Build.0 = Debug|Any CPU
		{D6DFB28D-3230-45D8-A98B-6F8710FF99AB}.Release|Any CPU.ActiveCfg = Release|Any CPU
		{D6DFB28D-3230-45D8-A98B-6F8710FF99AB}.Release|Any CPU.Build.0 = Release|Any CPU
	EndGlobalSection
	GlobalSection(SolutionProperties) = preSolution
		HideSolutionNode = FALSE
	EndGlobalSection
	GlobalSection(ExtensibilityGlobals) = postSolution
		SolutionGuid = {B02DFC85-A687-4D29-88FE-DFBBA5A0F7E5}
	EndGlobalSection
EndGlobal
